// !$*UTF8*$!
{
	archiveVersion = 1;
	classes = {
	};
	objectVersion = 46;
	objects = {

/* Begin PBXBuildFile section */
		266C506618C1EAE40062521E /* ClaraTest1.1 in CopyFiles */ = {isa = PBXBuildFile; fileRef = 266C506518C1EAE40062521E /* ClaraTest1.1 */; };
		266C506D18C1EB1D0062521E /* main.cpp in Sources */ = {isa = PBXBuildFile; fileRef = 266C506C18C1EB1D0062521E /* main.cpp */; };
/* End PBXBuildFile section */

/* Begin PBXCopyFilesBuildPhase section */
		266C505E18C1EAE40062521E /* CopyFiles */ = {
			isa = PBXCopyFilesBuildPhase;
			buildActionMask = 2147483647;
			dstPath = /usr/share/man/man1/;
			dstSubfolderSpec = 0;
			files = (
				266C506618C1EAE40062521E /* ClaraTest1.1 in CopyFiles */,
			);
			runOnlyForDeploymentPostprocessing = 1;
		};
/* End PBXCopyFilesBuildPhase section */

/* Begin PBXFileReference section */
		266C506018C1EAE40062521E /* ClaraTest1 */ = {isa = PBXFileReference; explicitFileType = "compiled.mach-o.executable"; includeInIndex = 0; path = ClaraTest1; sourceTree = BUILT_PRODUCTS_DIR; };
		266C506518C1EAE40062521E /* ClaraTest1.1 */ = {isa = PBXFileReference; lastKnownFileType = text.man; path = ClaraTest1.1; sourceTree = "<group>"; };
		266C506C18C1EB1D0062521E /* main.cpp */ = {isa = PBXFileReference; fileEncoding = 4; lastKnownFileType = sourcecode.cpp.cpp; path = main.cpp; sourceTree = "<group>"; };
		266C506F18C1FF440062521E /* clara.h */ = {isa = PBXFileReference; fileEncoding = 4; lastKnownFileType = sourcecode.c.h; name = clara.h; path = ../../../../srcs/clara.h; sourceTree = "<group>"; };
/* End PBXFileReference section */

/* Begin PBXFrameworksBuildPhase section */
		266C505D18C1EAE40062521E /* Frameworks */ = {
			isa = PBXFrameworksBuildPhase;
			buildActionMask = 2147483647;
			files = (
			);
			runOnlyForDeploymentPostprocessing = 0;
		};
/* End PBXFrameworksBuildPhase section */

/* Begin PBXGroup section */
		266C505718C1EAE40062521E = {
			isa = PBXGroup;
			children = (
				266C506218C1EAE40062521E /* ClaraTest1 */,
				266C506118C1EAE40062521E /* Products */,
			);
			sourceTree = "<group>";
		};
		266C506118C1EAE40062521E /* Products */ = {
			isa = PBXGroup;
			children = (
				266C506018C1EAE40062521E /* ClaraTest1 */,
			);
			name = Products;
			sourceTree = "<group>";
		};
		266C506218C1EAE40062521E /* ClaraTest1 */ = {
			isa = PBXGroup;
			children = (
				266C506F18C1FF440062521E /* clara.h */,
				266C506C18C1EB1D0062521E /* main.cpp */,
				266C506518C1EAE40062521E /* ClaraTest1.1 */,
			);
			path = ClaraTest1;
			sourceTree = "<group>";
		};
/* End PBXGroup section */

/* Begin PBXNativeTarget section */
		266C505F18C1EAE40062521E /* ClaraTest1 */ = {
			isa = PBXNativeTarget;
			buildConfigurationList = 266C506918C1EAE40062521E /* Build configuration list for PBXNativeTarget "ClaraTest1" */;
			buildPhases = (
				266C505C18C1EAE40062521E /* Sources */,
				266C505D18C1EAE40062521E /* Frameworks */,
				266C505E18C1EAE40062521E /* CopyFiles */,
			);
			buildRules = (
			);
			dependencies = (
			);
			name = ClaraTest1;
			productName = ClaraTest1;
			productReference = 266C506018C1EAE40062521E /* ClaraTest1 */;
			productType = "com.apple.product-type.tool";
		};
/* End PBXNativeTarget section */

/* Begin PBXProject section */
		266C505818C1EAE40062521E /* Project object */ = {
			isa = PBXProject;
			attributes = {
				LastUpgradeCheck = 0500;
				ORGANIZATIONNAME = "Phil Nash";
			};
			buildConfigurationList = 266C505B18C1EAE40062521E /* Build configuration list for PBXProject "ClaraTest1" */;
			compatibilityVersion = "Xcode 3.2";
			developmentRegion = English;
			hasScannedForEncodings = 0;
			knownRegions = (
				en,
			);
			mainGroup = 266C505718C1EAE40062521E;
			productRefGroup = 266C506118C1EAE40062521E /* Products */;
			projectDirPath = "";
			projectRoot = "";
			targets = (
				266C505F18C1EAE40062521E /* ClaraTest1 */,
			);
		};
/* End PBXProject section */

/* Begin PBXSourcesBuildPhase section */
		266C505C18C1EAE40062521E /* Sources */ = {
			isa = PBXSourcesBuildPhase;
			buildActionMask = 2147483647;
			files = (
				266C506D18C1EB1D0062521E /* main.cpp in Sources */,
			);
			runOnlyForDeploymentPostprocessing = 0;
		};
/* End PBXSourcesBuildPhase section */

/* Begin XCBuildConfiguration section */
		266C506718C1EAE40062521E /* Debug */ = {
			isa = XCBuildConfiguration;
			buildSettings = {
				ALWAYS_SEARCH_USER_PATHS = NO;
				CLANG_CXX_LANGUAGE_STANDARD = "gnu++0x";
				CLANG_CXX_LIBRARY = "libc++";
				CLANG_ENABLE_OBJC_ARC = YES;
				CLANG_WARN_BOOL_CONVERSION = YES;
				CLANG_WARN_CONSTANT_CONVERSION = YES;
				CLANG_WARN_DIRECT_OBJC_ISA_USAGE = YES_ERROR;
				CLANG_WARN_EMPTY_BODY = YES;
				CLANG_WARN_ENUM_CONVERSION = YES;
				CLANG_WARN_INT_CONVERSION = YES;
				CLANG_WARN_OBJC_ROOT_CLASS = YES_ERROR;
				CLANG_WARN__DUPLICATE_METHOD_MATCH = YES;
				COPY_PHASE_STRIP = NO;
				GCC_C_LANGUAGE_STANDARD = gnu99;
				GCC_DYNAMIC_NO_PIC = NO;
				GCC_ENABLE_OBJC_EXCEPTIONS = YES;
				GCC_OPTIMIZATION_LEVEL = 0;
				GCC_PREPROCESSOR_DEFINITIONS = (
					"DEBUG=1",
					"$(inherited)",
				);
				GCC_SYMBOLS_PRIVATE_EXTERN = NO;
				GCC_WARN_64_TO_32_BIT_CONVERSION = YES;
				GCC_WARN_ABOUT_RETURN_TYPE = YES_ERROR;
				GCC_WARN_UNDECLARED_SELECTOR = YES;
				GCC_WARN_UNINITIALIZED_AUTOS = YES;
				GCC_WARN_UNUSED_FUNCTION = YES;
				GCC_WARN_UNUSED_VARIABLE = YES;
				MACOSX_DEPLOYMENT_TARGET = 10.9;
				ONLY_ACTIVE_ARCH = YES;
				SDKROOT = macosx;
			};
			name = Debug;
		};
		266C506818C1EAE40062521E /* Release */ = {
			isa = XCBuildConfiguration;
			buildSettings = {
				ALWAYS_SEARCH_USER_PATHS = NO;
				CLANG_CXX_LANGUAGE_STANDARD = "gnu++0x";
				CLANG_CXX_LIBRARY = "libc++";
				CLANG_ENABLE_OBJC_ARC = YES;
				CLANG_WARN_BOOL_CONVERSION = YES;
				CLANG_WARN_CONSTANT_CONVERSION = YES;
				CLANG_WARN_DIRECT_OBJC_ISA_USAGE = YES_ERROR;
				CLANG_WARN_EMPTY_BODY = YES;
				CLANG_WARN_ENUM_CONVERSION = YES;
				CLANG_WARN_INT_CONVERSION = YES;
				CLANG_WARN_OBJC_ROOT_CLASS = YES_ERROR;
				CLANG_WARN__DUPLICATE_METHOD_MATCH = YES;
				COPY_PHASE_STRIP = YES;
				DEBUG_INFORMATION_FORMAT = "dwarf-with-dsym";
				ENABLE_NS_ASSERTIONS = NO;
				GCC_C_LANGUAGE_STANDARD = gnu99;
				GCC_ENABLE_OBJC_EXCEPTIONS = YES;
				GCC_WARN_64_TO_32_BIT_CONVERSION = YES;
				GCC_WARN_ABOUT_RETURN_TYPE = YES_ERROR;
				GCC_WARN_UNDECLARED_SELECTOR = YES;
				GCC_WARN_UNINITIALIZED_AUTOS = YES;
				GCC_WARN_UNUSED_FUNCTION = YES;
				GCC_WARN_UNUSED_VARIABLE = YES;
				MACOSX_DEPLOYMENT_TARGET = 10.9;
				SDKROOT = macosx;
			};
			name = Release;
		};
		266C506A18C1EAE40062521E /* Debug */ = {
			isa = XCBuildConfiguration;
			buildSettings = {
				PRODUCT_NAME = "$(TARGET_NAME)";
			};
			name = Debug;
		};
		266C506B18C1EAE40062521E /* Release */ = {
			isa = XCBuildConfiguration;
			buildSettings = {
				PRODUCT_NAME = "$(TARGET_NAME)";
			};
			name = Release;
		};
/* End XCBuildConfiguration section */

/* Begin XCConfigurationList section */
		266C505B18C1EAE40062521E /* Build configuration list for PBXProject "ClaraTest1" */ = {
			isa = XCConfigurationList;
			buildConfigurations = (
				266C506718C1EAE40062521E /* Debug */,
				266C506818C1EAE40062521E /* Release */,
			);
			defaultConfigurationIsVisible = 0;
			defaultConfigurationName = Release;
		};
		266C506918C1EAE40062521E /* Build configuration list for PBXNativeTarget "ClaraTest1" */ = {
			isa = XCConfigurationList;
			buildConfigurations = (
				266C506A18C1EAE40062521E /* Debug */,
				266C506B18C1EAE40062521E /* Release */,
			);
			defaultConfigurationIsVisible = 0;
			defaultConfigurationName = Release;
		};
/* End XCConfigurationList section */
	};
	rootObject = 266C505818C1EAE40062521E /* Project object */;
}
